
Microsoft Visual Studio Solution File, Format Version 12.00
# Visual Studio Version 16
VisualStudioVersion = 16.0.28803.452
MinimumVisualStudioVersion = 10.0.40219.1
Project("{FAE04EC0-301F-11D3-BF4B-00C04F79EFBC}") = "ListVsHashSet", "ListVsHashSet\ListVsHashSet.csproj", "{6F56225D-24CD-4F8D-8AD2-621BF48D33DE}"
EndProject
Project("{FAE04EC0-301F-11D3-BF4B-00C04F79EFBC}") = "SimpleThreads", "SimpleThreads\SimpleThreads.csproj", "{193EC543-C090-4CC4-A4EE-8EF8976CA54E}"
EndProject
Project("{FAE04EC0-301F-11D3-BF4B-00C04F79EFBC}") = "FileGenerator", "FileGenerator\FileGenerator.csproj", "{F41C6571-2995-4290-8227-12B259264659}"
EndProject
Project("{FAE04EC0-301F-11D3-BF4B-00C04F79EFBC}") = "WordCounter", "WordCounter\WordCounter.csproj", "{7F410858-5398-43F8-AE0E-3FAF25AAD08C}"
EndProject
Global
	GlobalSection(SolutionConfigurationPlatforms) = preSolution
		Debug|Any CPU = Debug|Any CPU
		Release|Any CPU = Release|Any CPU
	EndGlobalSection
	GlobalSection(ProjectConfigurationPlatforms) = postSolution
		{6F56225D-24CD-4F8D-8AD2-621BF48D33DE}.Debug|Any CPU.ActiveCfg = Debug|Any CPU
		{6F56225D-24CD-4F8D-8AD2-621BF48D33DE}.Debug|Any CPU.Build.0 = Debug|Any CPU
		{6F56225D-24CD-4F8D-8AD2-621BF48D33DE}.Release|Any CPU.ActiveCfg = Release|Any CPU
		{6F56225D-24CD-4F8D-8AD2-621BF48D33DE}.Release|Any CPU.Build.0 = Release|Any CPU
		{193EC543-C090-4CC4-A4EE-8EF8976CA54E}.Debug|Any CPU.ActiveCfg = Debug|Any CPU
		{193EC543-C090-4CC4-A4EE-8EF8976CA54E}.Debug|Any CPU.Build.0 = Debug|Any CPU
		{193EC543-C090-4CC4-A4EE-8EF8976CA54E}.Release|Any CPU.ActiveCfg = Release|Any CPU
		{193EC543-C090-4CC4-A4EE-8EF8976CA54E}.Release|Any CPU.Build.0 = Release|Any CPU
		{F41C6571-2995-4290-8227-12B259264659}.Debug|Any CPU.ActiveCfg = Debug|Any CPU
		{F41C6571-2995-4290-8227-12B259264659}.Debug|Any CPU.Build.0 = Debug|Any CPU
		{F41C6571-2995-4290-8227-12B259264659}.Release|Any CPU.ActiveCfg = Release|Any CPU
		{F41C6571-2995-4290-8227-12B259264659}.Release|Any CPU.Build.0 = Release|Any CPU
		{7F410858-5398-43F8-AE0E-3FAF25AAD08C}.Debug|Any CPU.ActiveCfg = Debug|Any CPU
		{7F410858-5398-43F8-AE0E-3FAF25AAD08C}.Debug|Any CPU.Build.0 = Debug|Any CPU
		{7F410858-5398-43F8-AE0E-3FAF25AAD08C}.Release|Any CPU.ActiveCfg = Release|Any CPU
		{7F410858-5398-43F8-AE0E-3FAF25AAD08C}.Release|Any CPU.Build.0 = Release|Any CPU
	EndGlobalSection
	GlobalSection(SolutionProperties) = preSolution
		HideSolutionNode = FALSE
	EndGlobalSection
	GlobalSection(ExtensibilityGlobals) = postSolution
		SolutionGuid = {17AA8A01-4740-42BF-AFA4-52913B214C41}
	EndGlobalSection
EndGlobal
