
Microsoft Visual Studio Solution File, Format Version 12.00
# Visual Studio Version 16
VisualStudioVersion = 16.0.28803.452
MinimumVisualStudioVersion = 10.0.40219.1
Project("{FAE04EC0-301F-11D3-BF4B-00C04F79EFBC}") = "ListVsHashSet", "ListVsHashSet\ListVsHashSet.csproj", "{6F56225D-24CD-4F8D-8AD2-621BF48D33DE}"
EndProject
Project("{FAE04EC0-301F-11D3-BF4B-00C04F79EFBC}") = "SimpleThreads", "SimpleThreads\SimpleThreads.csproj", "{193EC543-C090-4CC4-A4EE-8EF8976CA54E}"
EndProject
Project("{FAE04EC0-301F-11D3-BF4B-00C04F79EFBC}") = "FileGenerator", "FileGenerator\FileGenerator.csproj", "{F41C6571-2995-4290-8227-12B259264659}"
EndProject
Project("{FAE04EC0-301F-11D3-BF4B-00C04F79EFBC}") = "WordCounter", "WordCounter\WordCounter.csproj", "{7F410858-5398-43F8-AE0E-3FAF25AAD08C}"
EndProject
Project("{FAE04EC0-301F-11D3-BF4B-00C04F79EFBC}") = "Tpl.01", "Tpl.01\Tpl.01.csproj", "{12A46004-A0B6-48D7-8EF6-6CDEFFDAA9FC}"
EndProject
Project("{2150E333-8FDC-42A3-9474-1A3956D46DE8}") = "Week01", "Week01", "{8B3E061B-A06E-4171-B9B5-D802B2090146}"
EndProject
Project("{2150E333-8FDC-42A3-9474-1A3956D46DE8}") = "Week02", "Week02", "{9ED73565-704D-4457-A3C8-80F83063307A}"
EndProject
Project("{FAE04EC0-301F-11D3-BF4B-00C04F79EFBC}") = "Tpl.02", "Tpl.02\Tpl.02.csproj", "{B757A8FA-F32D-4B29-98F8-BD1A39576C53}"
EndProject
Project("{FAE04EC0-301F-11D3-BF4B-00C04F79EFBC}") = "Tpl.03", "Tpl.03\Tpl.03.csproj", "{BFBCBE86-6A6C-49F5-A0F7-C26A89E3CFF1}"
EndProject
Project("{FAE04EC0-301F-11D3-BF4B-00C04F79EFBC}") = "Tpl.04", "Tpl.04\Tpl.04.csproj", "{F57AB100-9B51-4A8B-893B-CA0EC8F7CDC2}"
EndProject
Global
	GlobalSection(SolutionConfigurationPlatforms) = preSolution
		Debug|Any CPU = Debug|Any CPU
		Release|Any CPU = Release|Any CPU
	EndGlobalSection
	GlobalSection(ProjectConfigurationPlatforms) = postSolution
		{6F56225D-24CD-4F8D-8AD2-621BF48D33DE}.Debug|Any CPU.ActiveCfg = Debug|Any CPU
		{6F56225D-24CD-4F8D-8AD2-621BF48D33DE}.Debug|Any CPU.Build.0 = Debug|Any CPU
		{6F56225D-24CD-4F8D-8AD2-621BF48D33DE}.Release|Any CPU.ActiveCfg = Release|Any CPU
		{6F56225D-24CD-4F8D-8AD2-621BF48D33DE}.Release|Any CPU.Build.0 = Release|Any CPU
		{193EC543-C090-4CC4-A4EE-8EF8976CA54E}.Debug|Any CPU.ActiveCfg = Debug|Any CPU
		{193EC543-C090-4CC4-A4EE-8EF8976CA54E}.Debug|Any CPU.Build.0 = Debug|Any CPU
		{193EC543-C090-4CC4-A4EE-8EF8976CA54E}.Release|Any CPU.ActiveCfg = Release|Any CPU
		{193EC543-C090-4CC4-A4EE-8EF8976CA54E}.Release|Any CPU.Build.0 = Release|Any CPU
		{F41C6571-2995-4290-8227-12B259264659}.Debug|Any CPU.ActiveCfg = Debug|Any CPU
		{F41C6571-2995-4290-8227-12B259264659}.Debug|Any CPU.Build.0 = Debug|Any CPU
		{F41C6571-2995-4290-8227-12B259264659}.Release|Any CPU.ActiveCfg = Release|Any CPU
		{F41C6571-2995-4290-8227-12B259264659}.Release|Any CPU.Build.0 = Release|Any CPU
		{7F410858-5398-43F8-AE0E-3FAF25AAD08C}.Debug|Any CPU.ActiveCfg = Debug|Any CPU
		{7F410858-5398-43F8-AE0E-3FAF25AAD08C}.Debug|Any CPU.Build.0 = Debug|Any CPU
		{7F410858-5398-43F8-AE0E-3FAF25AAD08C}.Release|Any CPU.ActiveCfg = Release|Any CPU
		{7F410858-5398-43F8-AE0E-3FAF25AAD08C}.Release|Any CPU.Build.0 = Release|Any CPU
		{12A46004-A0B6-48D7-8EF6-6CDEFFDAA9FC}.Debug|Any CPU.ActiveCfg = Debug|Any CPU
		{12A46004-A0B6-48D7-8EF6-6CDEFFDAA9FC}.Debug|Any CPU.Build.0 = Debug|Any CPU
		{12A46004-A0B6-48D7-8EF6-6CDEFFDAA9FC}.Release|Any CPU.ActiveCfg = Release|Any CPU
		{12A46004-A0B6-48D7-8EF6-6CDEFFDAA9FC}.Release|Any CPU.Build.0 = Release|Any CPU
		{B757A8FA-F32D-4B29-98F8-BD1A39576C53}.Debug|Any CPU.ActiveCfg = Debug|Any CPU
		{B757A8FA-F32D-4B29-98F8-BD1A39576C53}.Debug|Any CPU.Build.0 = Debug|Any CPU
		{B757A8FA-F32D-4B29-98F8-BD1A39576C53}.Release|Any CPU.ActiveCfg = Release|Any CPU
		{B757A8FA-F32D-4B29-98F8-BD1A39576C53}.Release|Any CPU.Build.0 = Release|Any CPU
		{BFBCBE86-6A6C-49F5-A0F7-C26A89E3CFF1}.Debug|Any CPU.ActiveCfg = Debug|Any CPU
		{BFBCBE86-6A6C-49F5-A0F7-C26A89E3CFF1}.Debug|Any CPU.Build.0 = Debug|Any CPU
		{BFBCBE86-6A6C-49F5-A0F7-C26A89E3CFF1}.Release|Any CPU.ActiveCfg = Release|Any CPU
		{BFBCBE86-6A6C-49F5-A0F7-C26A89E3CFF1}.Release|Any CPU.Build.0 = Release|Any CPU
		{F57AB100-9B51-4A8B-893B-CA0EC8F7CDC2}.Debug|Any CPU.ActiveCfg = Debug|Any CPU
		{F57AB100-9B51-4A8B-893B-CA0EC8F7CDC2}.Debug|Any CPU.Build.0 = Debug|Any CPU
		{F57AB100-9B51-4A8B-893B-CA0EC8F7CDC2}.Release|Any CPU.ActiveCfg = Release|Any CPU
		{F57AB100-9B51-4A8B-893B-CA0EC8F7CDC2}.Release|Any CPU.Build.0 = Release|Any CPU
	EndGlobalSection
	GlobalSection(SolutionProperties) = preSolution
		HideSolutionNode = FALSE
	EndGlobalSection
	GlobalSection(NestedProjects) = preSolution
		{6F56225D-24CD-4F8D-8AD2-621BF48D33DE} = {8B3E061B-A06E-4171-B9B5-D802B2090146}
		{193EC543-C090-4CC4-A4EE-8EF8976CA54E} = {8B3E061B-A06E-4171-B9B5-D802B2090146}
		{F41C6571-2995-4290-8227-12B259264659} = {8B3E061B-A06E-4171-B9B5-D802B2090146}
		{7F410858-5398-43F8-AE0E-3FAF25AAD08C} = {8B3E061B-A06E-4171-B9B5-D802B2090146}
		{12A46004-A0B6-48D7-8EF6-6CDEFFDAA9FC} = {9ED73565-704D-4457-A3C8-80F83063307A}
		{B757A8FA-F32D-4B29-98F8-BD1A39576C53} = {9ED73565-704D-4457-A3C8-80F83063307A}
		{BFBCBE86-6A6C-49F5-A0F7-C26A89E3CFF1} = {9ED73565-704D-4457-A3C8-80F83063307A}
		{F57AB100-9B51-4A8B-893B-CA0EC8F7CDC2} = {9ED73565-704D-4457-A3C8-80F83063307A}
	EndGlobalSection
	GlobalSection(ExtensibilityGlobals) = postSolution
		SolutionGuid = {17AA8A01-4740-42BF-AFA4-52913B214C41}
	EndGlobalSection
EndGlobal
